{
  "originHash" : "782de363c77fbafc8f8ce1614a92b4301ed8068ef079236c08fc3e0a5692dda4",
  "pins" : [
    {
      "identity" : "purchases-ios-spm",
      "kind" : "remoteSourceControl",
      "location" : "https://github.com/RevenueCat/purchases-ios-spm",
      "state" : {
        "revision" : "a1bf83fc76099c3d801aa7fc2543c3b9e488cd00",
        "version" : "5.67.0"
      }
    },
    {
      "identity" : "tabler-icons-swift",
      "kind" : "remoteSourceControl",
      "location" : "https://github.com/YazeedAlKhalaf/tabler-icons-swift.git",
      "state" : {
        "branch" : "main",
        "revision" : "41cfb5218c63420fea0d729a843b1dadd404ae63"
      }
    }
  ],
  "version" : 3
}
