// !$*UTF8*$!
{
	archiveVersion = 1;
	classes = {
	};
	objectVersion = 77;
	objects = {

/* Begin PBXBuildFile section */
		C4FA262F2F69956100717246 /* ReplayKit.framework in Frameworks */ = {isa = PBXBuildFile; fileRef = C4FA262E2F69956100717246 /* ReplayKit.framework */; };
		C4FA26392F69956100717246 /* ReplayKit.framework in Frameworks */ = {isa = PBXBuildFile; fileRef = C4FA262E2F69956100717246 /* ReplayKit.framework */; };
		C4FA263B2F69956100717246 /* UIKit.framework in Frameworks */ = {isa = PBXBuildFile; fileRef = C4FA263A2F69956100717246 /* UIKit.framework */; };
		C4FA26422F69956100717246 /* ClipItSetupUI.appex in Embed Foundation Extensions */ = {isa = PBXBuildFile; fileRef = C4FA26382F69956100717246 /* ClipItSetupUI.appex */; settings = {ATTRIBUTES = (RemoveHeadersOnCopy, ); }; };
		C4FA26452F69956100717246 /* ClipIt.appex in Embed Foundation Extensions */ = {isa = PBXBuildFile; fileRef = C4FA262C2F69956100717246 /* ClipIt.appex */; settings = {ATTRIBUTES = (RemoveHeadersOnCopy, ); }; };
		C4FA2A012F69970000717246 /* ClipControls.appex in Embed Foundation Extensions */ = {isa = PBXBuildFile; fileRef = C4FA2A002F69970000717246 /* ClipControls.appex */; settings = {ATTRIBUTES = (RemoveHeadersOnCopy, ); }; };
		C4FAF0012F69960000717246 /* Sofia Pro Black Az.otf in Copy Fonts */ = {isa = PBXBuildFile; fileRef = C4FAF0112F69960000717246 /* Sofia Pro Black Az.otf */; };
		C4FAF0022F69960000717246 /* Sofia Pro Black Italic Az.otf in Copy Fonts */ = {isa = PBXBuildFile; fileRef = C4FAF0122F69960000717246 /* Sofia Pro Black Italic Az.otf */; };
		C4FAF0032F69960000717246 /* Sofia Pro Bold Az.otf in Copy Fonts */ = {isa = PBXBuildFile; fileRef = C4FAF0132F69960000717246 /* Sofia Pro Bold Az.otf */; };
		C4FAF0042F69960000717246 /* Sofia Pro Bold Italic Az.otf in Copy Fonts */ = {isa = PBXBuildFile; fileRef = C4FAF0142F69960000717246 /* Sofia Pro Bold Italic Az.otf */; };
		C4FAF0052F69960000717246 /* Sofia Pro ExtraLight Az.otf in Copy Fonts */ = {isa = PBXBuildFile; fileRef = C4FAF0152F69960000717246 /* Sofia Pro ExtraLight Az.otf */; };
		C4FAF0062F69960000717246 /* Sofia Pro ExtraLight Italic Az.otf in Copy Fonts */ = {isa = PBXBuildFile; fileRef = C4FAF0162F69960000717246 /* Sofia Pro ExtraLight Italic Az.otf */; };
		C4FAF0072F69960000717246 /* Sofia Pro Light Az.otf in Copy Fonts */ = {isa = PBXBuildFile; fileRef = C4FAF0172F69960000717246 /* Sofia Pro Light Az.otf */; };
		C4FAF0082F69960000717246 /* Sofia Pro Light Italic Az.otf in Copy Fonts */ = {isa = PBXBuildFile; fileRef = C4FAF0182F69960000717246 /* Sofia Pro Light Italic Az.otf */; };
		C4FAF0092F69960000717246 /* Sofia Pro Medium Az.otf in Copy Fonts */ = {isa = PBXBuildFile; fileRef = C4FAF0192F69960000717246 /* Sofia Pro Medium Az.otf */; };
		C4FAF00A2F69960000717246 /* Sofia Pro Medium Italic Az.otf in Copy Fonts */ = {isa = PBXBuildFile; fileRef = C4FAF01A2F69960000717246 /* Sofia Pro Medium Italic Az.otf */; };
		C4FAF00B2F69960000717246 /* Sofia Pro Regular Az.otf in Copy Fonts */ = {isa = PBXBuildFile; fileRef = C4FAF01B2F69960000717246 /* Sofia Pro Regular Az.otf */; };
		C4FAF00C2F69960000717246 /* Sofia Pro Regular Italic Az.otf in Copy Fonts */ = {isa = PBXBuildFile; fileRef = C4FAF01C2F69960000717246 /* Sofia Pro Regular Italic Az.otf */; };
		C4FAF00D2F69960000717246 /* Sofia Pro Semi Bold Az.otf in Copy Fonts */ = {isa = PBXBuildFile; fileRef = C4FAF01D2F69960000717246 /* Sofia Pro Semi Bold Az.otf */; };
		C4FAF00E2F69960000717246 /* Sofia Pro Semi Bold Italic Az.otf in Copy Fonts */ = {isa = PBXBuildFile; fileRef = C4FAF01E2F69960000717246 /* Sofia Pro Semi Bold Italic Az.otf */; };
		C4FAF00F2F69960000717246 /* Sofia Pro UltraLight Az.otf in Copy Fonts */ = {isa = PBXBuildFile; fileRef = C4FAF01F2F69960000717246 /* Sofia Pro UltraLight Az.otf */; };
		C4FAF0102F69960000717246 /* Sofia Pro UltraLight Italic Az.otf in Copy Fonts */ = {isa = PBXBuildFile; fileRef = C4FAF0202F69960000717246 /* Sofia Pro UltraLight Italic Az.otf */; };
/* End PBXBuildFile section */

/* Begin PBXContainerItemProxy section */
		C4FA26402F69956100717246 /* PBXContainerItemProxy */ = {
			isa = PBXContainerItemProxy;
			containerPortal = C4FA25FE2F69715600717246 /* Project object */;
			proxyType = 1;
			remoteGlobalIDString = C4FA26372F69956100717246;
			remoteInfo = ClipItSetupUI;
		};
		C4FA26432F69956100717246 /* PBXContainerItemProxy */ = {
			isa = PBXContainerItemProxy;
			containerPortal = C4FA25FE2F69715600717246 /* Project object */;
			proxyType = 1;
			remoteGlobalIDString = C4FA262B2F69956100717246;
			remoteInfo = ClipIt;
		};
		C4FA2A032F69970000717246 /* PBXContainerItemProxy */ = {
			isa = PBXContainerItemProxy;
			containerPortal = C4FA25FE2F69715600717246 /* Project object */;
			proxyType = 1;
			remoteGlobalIDString = C4FA2A022F69970000717246;
			remoteInfo = ClipControls;
		};
/* End PBXContainerItemProxy section */

/* Begin PBXCopyFilesBuildPhase section */
		C4FA264E2F69956100717246 /* Embed Foundation Extensions */ = {
			isa = PBXCopyFilesBuildPhase;
			buildActionMask = 2147483647;
			dstPath = "";
			dstSubfolderSpec = 13;
			files = (
				C4FA26452F69956100717246 /* ClipIt.appex in Embed Foundation Extensions */,
				C4FA26422F69956100717246 /* ClipItSetupUI.appex in Embed Foundation Extensions */,
				C4FA2A012F69970000717246 /* ClipControls.appex in Embed Foundation Extensions */,
			);
			name = "Embed Foundation Extensions";
			runOnlyForDeploymentPostprocessing = 0;
		};
		C4FAF0302F69960000717246 /* Copy Fonts */ = {
			isa = PBXCopyFilesBuildPhase;
			buildActionMask = 2147483647;
			dstPath = Font;
			dstSubfolderSpec = 7;
			files = (
				C4FAF0012F69960000717246 /* Sofia Pro Black Az.otf in Copy Fonts */,
				C4FAF0022F69960000717246 /* Sofia Pro Black Italic Az.otf in Copy Fonts */,
				C4FAF0032F69960000717246 /* Sofia Pro Bold Az.otf in Copy Fonts */,
				C4FAF0042F69960000717246 /* Sofia Pro Bold Italic Az.otf in Copy Fonts */,
				C4FAF0052F69960000717246 /* Sofia Pro ExtraLight Az.otf in Copy Fonts */,
				C4FAF0062F69960000717246 /* Sofia Pro ExtraLight Italic Az.otf in Copy Fonts */,
				C4FAF0072F69960000717246 /* Sofia Pro Light Az.otf in Copy Fonts */,
				C4FAF0082F69960000717246 /* Sofia Pro Light Italic Az.otf in Copy Fonts */,
				C4FAF0092F69960000717246 /* Sofia Pro Medium Az.otf in Copy Fonts */,
				C4FAF00A2F69960000717246 /* Sofia Pro Medium Italic Az.otf in Copy Fonts */,
				C4FAF00B2F69960000717246 /* Sofia Pro Regular Az.otf in Copy Fonts */,
				C4FAF00C2F69960000717246 /* Sofia Pro Regular Italic Az.otf in Copy Fonts */,
				C4FAF00D2F69960000717246 /* Sofia Pro Semi Bold Az.otf in Copy Fonts */,
				C4FAF00E2F69960000717246 /* Sofia Pro Semi Bold Italic Az.otf in Copy Fonts */,
				C4FAF00F2F69960000717246 /* Sofia Pro UltraLight Az.otf in Copy Fonts */,
				C4FAF0102F69960000717246 /* Sofia Pro UltraLight Italic Az.otf in Copy Fonts */,
			);
			name = "Copy Fonts";
			runOnlyForDeploymentPostprocessing = 0;
		};
/* End PBXCopyFilesBuildPhase section */

/* Begin PBXFileReference section */
		C4FA26062F69715600717246 /* Clip-It.app */ = {isa = PBXFileReference; explicitFileType = wrapper.application; includeInIndex = 0; path = "Clip-It.app"; sourceTree = BUILT_PRODUCTS_DIR; };
		C4FA262C2F69956100717246 /* ClipIt.appex */ = {isa = PBXFileReference; explicitFileType = "wrapper.app-extension"; includeInIndex = 0; path = ClipIt.appex; sourceTree = BUILT_PRODUCTS_DIR; };
		C4FA262E2F69956100717246 /* ReplayKit.framework */ = {isa = PBXFileReference; lastKnownFileType = wrapper.framework; name = ReplayKit.framework; path = System/Library/Frameworks/ReplayKit.framework; sourceTree = SDKROOT; };
		C4FA26382F69956100717246 /* ClipItSetupUI.appex */ = {isa = PBXFileReference; explicitFileType = "wrapper.app-extension"; includeInIndex = 0; path = ClipItSetupUI.appex; sourceTree = BUILT_PRODUCTS_DIR; };
		C4FA263A2F69956100717246 /* UIKit.framework */ = {isa = PBXFileReference; lastKnownFileType = wrapper.framework; name = UIKit.framework; path = Library/Frameworks/UIKit.framework; sourceTree = DEVELOPER_DIR; };
		C4FA2A002F69970000717246 /* ClipControls.appex */ = {isa = PBXFileReference; explicitFileType = "wrapper.app-extension"; includeInIndex = 0; path = ClipControls.appex; sourceTree = BUILT_PRODUCTS_DIR; };
		C4FAF0112F69960000717246 /* Sofia Pro Black Az.otf */ = {isa = PBXFileReference; lastKnownFileType = file; path = "Sofia Pro Black Az.otf"; sourceTree = "<group>"; };
		C4FAF0122F69960000717246 /* Sofia Pro Black Italic Az.otf */ = {isa = PBXFileReference; lastKnownFileType = file; path = "Sofia Pro Black Italic Az.otf"; sourceTree = "<group>"; };
		C4FAF0132F69960000717246 /* Sofia Pro Bold Az.otf */ = {isa = PBXFileReference; lastKnownFileType = file; path = "Sofia Pro Bold Az.otf"; sourceTree = "<group>"; };
		C4FAF0142F69960000717246 /* Sofia Pro Bold Italic Az.otf */ = {isa = PBXFileReference; lastKnownFileType = file; path = "Sofia Pro Bold Italic Az.otf"; sourceTree = "<group>"; };
		C4FAF0152F69960000717246 /* Sofia Pro ExtraLight Az.otf */ = {isa = PBXFileReference; lastKnownFileType = file; path = "Sofia Pro ExtraLight Az.otf"; sourceTree = "<group>"; };
		C4FAF0162F69960000717246 /* Sofia Pro ExtraLight Italic Az.otf */ = {isa = PBXFileReference; lastKnownFileType = file; path = "Sofia Pro ExtraLight Italic Az.otf"; sourceTree = "<group>"; };
		C4FAF0172F69960000717246 /* Sofia Pro Light Az.otf */ = {isa = PBXFileReference; lastKnownFileType = file; path = "Sofia Pro Light Az.otf"; sourceTree = "<group>"; };
		C4FAF0182F69960000717246 /* Sofia Pro Light Italic Az.otf */ = {isa = PBXFileReference; lastKnownFileType = file; path = "Sofia Pro Light Italic Az.otf"; sourceTree = "<group>"; };
		C4FAF0192F69960000717246 /* Sofia Pro Medium Az.otf */ = {isa = PBXFileReference; lastKnownFileType = file; path = "Sofia Pro Medium Az.otf"; sourceTree = "<group>"; };
		C4FAF01A2F69960000717246 /* Sofia Pro Medium Italic Az.otf */ = {isa = PBXFileReference; lastKnownFileType = file; path = "Sofia Pro Medium Italic Az.otf"; sourceTree = "<group>"; };
		C4FAF01B2F69960000717246 /* Sofia Pro Regular Az.otf */ = {isa = PBXFileReference; lastKnownFileType = file; path = "Sofia Pro Regular Az.otf"; sourceTree = "<group>"; };
		C4FAF01C2F69960000717246 /* Sofia Pro Regular Italic Az.otf */ = {isa = PBXFileReference; lastKnownFileType = file; path = "Sofia Pro Regular Italic Az.otf"; sourceTree = "<group>"; };
		C4FAF01D2F69960000717246 /* Sofia Pro Semi Bold Az.otf */ = {isa = PBXFileReference; lastKnownFileType = file; path = "Sofia Pro Semi Bold Az.otf"; sourceTree = "<group>"; };
		C4FAF01E2F69960000717246 /* Sofia Pro Semi Bold Italic Az.otf */ = {isa = PBXFileReference; lastKnownFileType = file; path = "Sofia Pro Semi Bold Italic Az.otf"; sourceTree = "<group>"; };
		C4FAF01F2F69960000717246 /* Sofia Pro UltraLight Az.otf */ = {isa = PBXFileReference; lastKnownFileType = file; path = "Sofia Pro UltraLight Az.otf"; sourceTree = "<group>"; };
		C4FAF0202F69960000717246 /* Sofia Pro UltraLight Italic Az.otf */ = {isa = PBXFileReference; lastKnownFileType = file; path = "Sofia Pro UltraLight Italic Az.otf"; sourceTree = "<group>"; };
/* End PBXFileReference section */

/* Begin PBXFileSystemSynchronizedBuildFileExceptionSet section */
		C4FA26162F69715600717246 /* Exceptions for "Clip-It" folder in "Clip-It" target */ = {
			isa = PBXFileSystemSynchronizedBuildFileExceptionSet;
			membershipExceptions = (
				Info.plist,
			);
			target = C4FA26052F69715600717246 /* Clip-It */;
		};
		C4FA26462F69956100717246 /* Exceptions for "ClipIt" folder in "ClipIt" target */ = {
			isa = PBXFileSystemSynchronizedBuildFileExceptionSet;
			membershipExceptions = (
				Info.plist,
			);
			target = C4FA262B2F69956100717246 /* ClipIt */;
		};
		C4FA264A2F69956100717246 /* Exceptions for "ClipItSetupUI" folder in "ClipItSetupUI" target */ = {
			isa = PBXFileSystemSynchronizedBuildFileExceptionSet;
			membershipExceptions = (
				Info.plist,
			);
			target = C4FA26372F69956100717246 /* ClipItSetupUI */;
		};
		C4FA2A042F69970000717246 /* Exceptions for "ClipControls" folder in "ClipControls" target */ = {
			isa = PBXFileSystemSynchronizedBuildFileExceptionSet;
			membershipExceptions = (
				Info.plist,
			);
			target = C4FA2A022F69970000717246 /* ClipControls */;
		};
/* End PBXFileSystemSynchronizedBuildFileExceptionSet section */

/* Begin PBXFileSystemSynchronizedRootGroup section */
		C4FA26082F69715600717246 /* Clip-It */ = {
			isa = PBXFileSystemSynchronizedRootGroup;
			exceptions = (
				C4FA26162F69715600717246 /* Exceptions for "Clip-It" folder in "Clip-It" target */,
			);
			path = "Clip-It";
			sourceTree = "<group>";
		};
		C4FA26302F69956100717246 /* ClipIt */ = {
			isa = PBXFileSystemSynchronizedRootGroup;
			exceptions = (
				C4FA26462F69956100717246 /* Exceptions for "ClipIt" folder in "ClipIt" target */,
			);
			path = ClipIt;
			sourceTree = "<group>";
		};
		C4FA263C2F69956100717246 /* ClipItSetupUI */ = {
			isa = PBXFileSystemSynchronizedRootGroup;
			exceptions = (
				C4FA264A2F69956100717246 /* Exceptions for "ClipItSetupUI" folder in "ClipItSetupUI" target */,
			);
			path = ClipItSetupUI;
			sourceTree = "<group>";
		};
		C4FA2A052F69970000717246 /* ClipControls */ = {
			isa = PBXFileSystemSynchronizedRootGroup;
			exceptions = (
				C4FA2A042F69970000717246 /* Exceptions for "ClipControls" folder in "ClipControls" target */,
			);
			path = ClipControls;
			sourceTree = "<group>";
		};
/* End PBXFileSystemSynchronizedRootGroup section */

/* Begin PBXFrameworksBuildPhase section */
		C4FA26032F69715600717246 /* Frameworks */ = {
			isa = PBXFrameworksBuildPhase;
			buildActionMask = 2147483647;
			files = (
			);
			runOnlyForDeploymentPostprocessing = 0;
		};
		C4FA26292F69956100717246 /* Frameworks */ = {
			isa = PBXFrameworksBuildPhase;
			buildActionMask = 2147483647;
			files = (
				C4FA262F2F69956100717246 /* ReplayKit.framework in Frameworks */,
			);
			runOnlyForDeploymentPostprocessing = 0;
		};
		C4FA26352F69956100717246 /* Frameworks */ = {
			isa = PBXFrameworksBuildPhase;
			buildActionMask = 2147483647;
			files = (
				C4FA26392F69956100717246 /* ReplayKit.framework in Frameworks */,
				C4FA263B2F69956100717246 /* UIKit.framework in Frameworks */,
			);
			runOnlyForDeploymentPostprocessing = 0;
		};
		C4FA2A082F69970000717246 /* Frameworks */ = {
			isa = PBXFrameworksBuildPhase;
			buildActionMask = 2147483647;
			files = (
			);
			runOnlyForDeploymentPostprocessing = 0;
		};
/* End PBXFrameworksBuildPhase section */

/* Begin PBXGroup section */
		C4FA25FD2F69715600717246 = {
			isa = PBXGroup;
			children = (
				C4FA26082F69715600717246 /* Clip-It */,
				C4FAF0212F69960000717246 /* Clip-It/Font */,
				C4FA26302F69956100717246 /* ClipIt */,
				C4FA263C2F69956100717246 /* ClipItSetupUI */,
				C4FA2A052F69970000717246 /* ClipControls */,
				C4FA262D2F69956100717246 /* Frameworks */,
				C4FA26072F69715600717246 /* Products */,
			);
			sourceTree = "<group>";
		};
		C4FA26072F69715600717246 /* Products */ = {
			isa = PBXGroup;
			children = (
				C4FA26062F69715600717246 /* Clip-It.app */,
				C4FA262C2F69956100717246 /* ClipIt.appex */,
				C4FA26382F69956100717246 /* ClipItSetupUI.appex */,
				C4FA2A002F69970000717246 /* ClipControls.appex */,
			);
			name = Products;
			sourceTree = "<group>";
		};
		C4FA262D2F69956100717246 /* Frameworks */ = {
			isa = PBXGroup;
			children = (
				C4FA262E2F69956100717246 /* ReplayKit.framework */,
				C4FA263A2F69956100717246 /* UIKit.framework */,
			);
			name = Frameworks;
			sourceTree = "<group>";
		};
		C4FAF0212F69960000717246 /* Clip-It/Font */ = {
			isa = PBXGroup;
			children = (
				C4FAF0112F69960000717246 /* Sofia Pro Black Az.otf */,
				C4FAF0122F69960000717246 /* Sofia Pro Black Italic Az.otf */,
				C4FAF0132F69960000717246 /* Sofia Pro Bold Az.otf */,
				C4FAF0142F69960000717246 /* Sofia Pro Bold Italic Az.otf */,
				C4FAF0152F69960000717246 /* Sofia Pro ExtraLight Az.otf */,
				C4FAF0162F69960000717246 /* Sofia Pro ExtraLight Italic Az.otf */,
				C4FAF0172F69960000717246 /* Sofia Pro Light Az.otf */,
				C4FAF0182F69960000717246 /* Sofia Pro Light Italic Az.otf */,
				C4FAF0192F69960000717246 /* Sofia Pro Medium Az.otf */,
				C4FAF01A2F69960000717246 /* Sofia Pro Medium Italic Az.otf */,
				C4FAF01B2F69960000717246 /* Sofia Pro Regular Az.otf */,
				C4FAF01C2F69960000717246 /* Sofia Pro Regular Italic Az.otf */,
				C4FAF01D2F69960000717246 /* Sofia Pro Semi Bold Az.otf */,
				C4FAF01E2F69960000717246 /* Sofia Pro Semi Bold Italic Az.otf */,
				C4FAF01F2F69960000717246 /* Sofia Pro UltraLight Az.otf */,
				C4FAF0202F69960000717246 /* Sofia Pro UltraLight Italic Az.otf */,
			);
			path = "Clip-It/Font";
			sourceTree = "<group>";
		};
/* End PBXGroup section */

/* Begin PBXNativeTarget section */
		C4FA26052F69715600717246 /* Clip-It */ = {
			isa = PBXNativeTarget;
			buildConfigurationList = C4FA26132F69715700717246 /* Build configuration list for PBXNativeTarget "Clip-It" */;
			buildPhases = (
				C4FA26022F69715600717246 /* Sources */,
				C4FA26032F69715600717246 /* Frameworks */,
				C4FA26042F69715600717246 /* Resources */,
				C4FAF0302F69960000717246 /* Copy Fonts */,
				C4FA264E2F69956100717246 /* Embed Foundation Extensions */,
			);
			buildRules = (
			);
			dependencies = (
				C4FA26412F69956100717246 /* PBXTargetDependency */,
				C4FA26442F69956100717246 /* PBXTargetDependency */,
				C4FA2A0A2F69970000717246 /* PBXTargetDependency */,
			);
			fileSystemSynchronizedGroups = (
				C4FA26082F69715600717246 /* Clip-It */,
			);
			name = "Clip-It";
			packageProductDependencies = (
			);
			productName = "Clip-It";
			productReference = C4FA26062F69715600717246 /* Clip-It.app */;
			productType = "com.apple.product-type.application";
		};
		C4FA262B2F69956100717246 /* ClipIt */ = {
			isa = PBXNativeTarget;
			buildConfigurationList = C4FA26472F69956100717246 /* Build configuration list for PBXNativeTarget "ClipIt" */;
			buildPhases = (
				C4FA26282F69956100717246 /* Sources */,
				C4FA26292F69956100717246 /* Frameworks */,
				C4FA262A2F69956100717246 /* Resources */,
			);
			buildRules = (
			);
			dependencies = (
			);
			fileSystemSynchronizedGroups = (
				C4FA26302F69956100717246 /* ClipIt */,
			);
			name = ClipIt;
			packageProductDependencies = (
			);
			productName = ClipIt;
			productReference = C4FA262C2F69956100717246 /* ClipIt.appex */;
			productType = "com.apple.product-type.app-extension";
		};
		C4FA26372F69956100717246 /* ClipItSetupUI */ = {
			isa = PBXNativeTarget;
			buildConfigurationList = C4FA264B2F69956100717246 /* Build configuration list for PBXNativeTarget "ClipItSetupUI" */;
			buildPhases = (
				C4FA26342F69956100717246 /* Sources */,
				C4FA26352F69956100717246 /* Frameworks */,
				C4FA26362F69956100717246 /* Resources */,
			);
			buildRules = (
			);
			dependencies = (
			);
			fileSystemSynchronizedGroups = (
				C4FA263C2F69956100717246 /* ClipItSetupUI */,
			);
			name = ClipItSetupUI;
			packageProductDependencies = (
			);
			productName = ClipItSetupUI;
			productReference = C4FA26382F69956100717246 /* ClipItSetupUI.appex */;
			productType = "com.apple.product-type.app-extension";
		};
		C4FA2A022F69970000717246 /* ClipControls */ = {
			isa = PBXNativeTarget;
			buildConfigurationList = C4FA2A062F69970000717246 /* Build configuration list for PBXNativeTarget "ClipControls" */;
			buildPhases = (
				C4FA2A072F69970000717246 /* Sources */,
				C4FA2A082F69970000717246 /* Frameworks */,
				C4FA2A092F69970000717246 /* Resources */,
			);
			buildRules = (
			);
			dependencies = (
			);
			fileSystemSynchronizedGroups = (
				C4FA2A052F69970000717246 /* ClipControls */,
			);
			name = ClipControls;
			packageProductDependencies = (
			);
			productName = ClipControls;
			productReference = C4FA2A002F69970000717246 /* ClipControls.appex */;
			productType = "com.apple.product-type.app-extension";
		};
/* End PBXNativeTarget section */

/* Begin PBXProject section */
		C4FA25FE2F69715600717246 /* Project object */ = {
			isa = PBXProject;
			attributes = {
				BuildIndependentTargetsInParallel = 1;
				LastSwiftUpdateCheck = 2610;
				LastUpgradeCheck = 2610;
				TargetAttributes = {
					C4FA26052F69715600717246 = {
						CreatedOnToolsVersion = 26.1.1;
					};
					C4FA262B2F69956100717246 = {
						CreatedOnToolsVersion = 26.1.1;
					};
					C4FA26372F69956100717246 = {
						CreatedOnToolsVersion = 26.1.1;
					};
				};
			};
			buildConfigurationList = C4FA26012F69715600717246 /* Build configuration list for PBXProject "Clip-It" */;
			developmentRegion = en;
			hasScannedForEncodings = 0;
			knownRegions = (
				en,
				Base,
			);
			mainGroup = C4FA25FD2F69715600717246;
			minimizedProjectReferenceProxies = 1;
			preferredProjectObjectVersion = 77;
			productRefGroup = C4FA26072F69715600717246 /* Products */;
			projectDirPath = "";
			projectRoot = "";
			targets = (
				C4FA26052F69715600717246 /* Clip-It */,
				C4FA262B2F69956100717246 /* ClipIt */,
				C4FA26372F69956100717246 /* ClipItSetupUI */,
				C4FA2A022F69970000717246 /* ClipControls */,
			);
		};
/* End PBXProject section */

/* Begin PBXResourcesBuildPhase section */
		C4FA26042F69715600717246 /* Resources */ = {
			isa = PBXResourcesBuildPhase;
			buildActionMask = 2147483647;
			files = (
			);
			runOnlyForDeploymentPostprocessing = 0;
		};
		C4FA262A2F69956100717246 /* Resources */ = {
			isa = PBXResourcesBuildPhase;
			buildActionMask = 2147483647;
			files = (
			);
			runOnlyForDeploymentPostprocessing = 0;
		};
		C4FA26362F69956100717246 /* Resources */ = {
			isa = PBXResourcesBuildPhase;
			buildActionMask = 2147483647;
			files = (
			);
			runOnlyForDeploymentPostprocessing = 0;
		};
		C4FA2A092F69970000717246 /* Resources */ = {
			isa = PBXResourcesBuildPhase;
			buildActionMask = 2147483647;
			files = (
			);
			runOnlyForDeploymentPostprocessing = 0;
		};
/* End PBXResourcesBuildPhase section */

/* Begin PBXSourcesBuildPhase section */
		C4FA26022F69715600717246 /* Sources */ = {
			isa = PBXSourcesBuildPhase;
			buildActionMask = 2147483647;
			files = (
			);
			runOnlyForDeploymentPostprocessing = 0;
		};
		C4FA26282F69956100717246 /* Sources */ = {
			isa = PBXSourcesBuildPhase;
			buildActionMask = 2147483647;
			files = (
			);
			runOnlyForDeploymentPostprocessing = 0;
		};
		C4FA26342F69956100717246 /* Sources */ = {
			isa = PBXSourcesBuildPhase;
			buildActionMask = 2147483647;
			files = (
			);
			runOnlyForDeploymentPostprocessing = 0;
		};
		C4FA2A072F69970000717246 /* Sources */ = {
			isa = PBXSourcesBuildPhase;
			buildActionMask = 2147483647;
			files = (
			);
			runOnlyForDeploymentPostprocessing = 0;
		};
/* End PBXSourcesBuildPhase section */

/* Begin PBXTargetDependency section */
		C4FA26412F69956100717246 /* PBXTargetDependency */ = {
			isa = PBXTargetDependency;
			target = C4FA26372F69956100717246 /* ClipItSetupUI */;
			targetProxy = C4FA26402F69956100717246 /* PBXContainerItemProxy */;
		};
		C4FA26442F69956100717246 /* PBXTargetDependency */ = {
			isa = PBXTargetDependency;
			target = C4FA262B2F69956100717246 /* ClipIt */;
			targetProxy = C4FA26432F69956100717246 /* PBXContainerItemProxy */;
		};
		C4FA2A0A2F69970000717246 /* PBXTargetDependency */ = {
			isa = PBXTargetDependency;
			target = C4FA2A022F69970000717246 /* ClipControls */;
			targetProxy = C4FA2A032F69970000717246 /* PBXContainerItemProxy */;
		};
/* End PBXTargetDependency section */

/* Begin XCBuildConfiguration section */
		C4FA26112F69715700717246 /* Debug */ = {
			isa = XCBuildConfiguration;
			buildSettings = {
				ALWAYS_SEARCH_USER_PATHS = NO;
				ASSETCATALOG_COMPILER_GENERATE_SWIFT_ASSET_SYMBOL_EXTENSIONS = YES;
				CLANG_ANALYZER_NONNULL = YES;
				CLANG_ANALYZER_NUMBER_OBJECT_CONVERSION = YES_AGGRESSIVE;
				CLANG_CXX_LANGUAGE_STANDARD = "gnu++20";
				CLANG_ENABLE_MODULES = YES;
				CLANG_ENABLE_OBJC_ARC = YES;
				CLANG_ENABLE_OBJC_WEAK = YES;
				CLANG_WARN_BLOCK_CAPTURE_AUTORELEASING = YES;
				CLANG_WARN_BOOL_CONVERSION = YES;
				CLANG_WARN_COMMA = YES;
				CLANG_WARN_CONSTANT_CONVERSION = YES;
				CLANG_WARN_DEPRECATED_OBJC_IMPLEMENTATIONS = YES;
				CLANG_WARN_DIRECT_OBJC_ISA_USAGE = YES_ERROR;
				CLANG_WARN_DOCUMENTATION_COMMENTS = YES;
				CLANG_WARN_EMPTY_BODY = YES;
				CLANG_WARN_ENUM_CONVERSION = YES;
				CLANG_WARN_INFINITE_RECURSION = YES;
				CLANG_WARN_INT_CONVERSION = YES;
				CLANG_WARN_NON_LITERAL_NULL_CONVERSION = YES;
				CLANG_WARN_OBJC_IMPLICIT_RETAIN_SELF = YES;
				CLANG_WARN_OBJC_LITERAL_CONVERSION = YES;
				CLANG_WARN_OBJC_ROOT_CLASS = YES_ERROR;
				CLANG_WARN_QUOTED_INCLUDE_IN_FRAMEWORK_HEADER = YES;
				CLANG_WARN_RANGE_LOOP_ANALYSIS = YES;
				CLANG_WARN_STRICT_PROTOTYPES = YES;
				CLANG_WARN_SUSPICIOUS_MOVE = YES;
				CLANG_WARN_UNGUARDED_AVAILABILITY = YES_AGGRESSIVE;
				CLANG_WARN_UNREACHABLE_CODE = YES;
				CLANG_WARN__DUPLICATE_METHOD_MATCH = YES;
				COPY_PHASE_STRIP = NO;
				DEBUG_INFORMATION_FORMAT = dwarf;
				DEVELOPMENT_TEAM = 4BMQZQ7YSK;
				ENABLE_STRICT_OBJC_MSGSEND = YES;
				ENABLE_TESTABILITY = YES;
				ENABLE_USER_SCRIPT_SANDBOXING = YES;
				GCC_C_LANGUAGE_STANDARD = gnu17;
				GCC_DYNAMIC_NO_PIC = NO;
				GCC_NO_COMMON_BLOCKS = YES;
				GCC_OPTIMIZATION_LEVEL = 0;
				GCC_PREPROCESSOR_DEFINITIONS = (
					"DEBUG=1",
					"$(inherited)",
				);
				GCC_WARN_64_TO_32_BIT_CONVERSION = YES;
				GCC_WARN_ABOUT_RETURN_TYPE = YES_ERROR;
				GCC_WARN_UNDECLARED_SELECTOR = YES;
				GCC_WARN_UNINITIALIZED_AUTOS = YES_AGGRESSIVE;
				GCC_WARN_UNUSED_FUNCTION = YES;
				GCC_WARN_UNUSED_VARIABLE = YES;
				LOCALIZATION_PREFERS_STRING_CATALOGS = YES;
				MTL_ENABLE_DEBUG_INFO = INCLUDE_SOURCE;
				MTL_FAST_MATH = YES;
				ONLY_ACTIVE_ARCH = YES;
				SWIFT_ACTIVE_COMPILATION_CONDITIONS = "DEBUG $(inherited)";
				SWIFT_OPTIMIZATION_LEVEL = "-Onone";
			};
			name = Debug;
		};
		C4FA26122F69715700717246 /* Release */ = {
			isa = XCBuildConfiguration;
			buildSettings = {
				ALWAYS_SEARCH_USER_PATHS = NO;
				ASSETCATALOG_COMPILER_GENERATE_SWIFT_ASSET_SYMBOL_EXTENSIONS = YES;
				CLANG_ANALYZER_NONNULL = YES;
				CLANG_ANALYZER_NUMBER_OBJECT_CONVERSION = YES_AGGRESSIVE;
				CLANG_CXX_LANGUAGE_STANDARD = "gnu++20";
				CLANG_ENABLE_MODULES = YES;
				CLANG_ENABLE_OBJC_ARC = YES;
				CLANG_ENABLE_OBJC_WEAK = YES;
				CLANG_WARN_BLOCK_CAPTURE_AUTORELEASING = YES;
				CLANG_WARN_BOOL_CONVERSION = YES;
				CLANG_WARN_COMMA = YES;
				CLANG_WARN_CONSTANT_CONVERSION = YES;
				CLANG_WARN_DEPRECATED_OBJC_IMPLEMENTATIONS = YES;
				CLANG_WARN_DIRECT_OBJC_ISA_USAGE = YES_ERROR;
				CLANG_WARN_DOCUMENTATION_COMMENTS = YES;
				CLANG_WARN_EMPTY_BODY = YES;
				CLANG_WARN_ENUM_CONVERSION = YES;
				CLANG_WARN_INFINITE_RECURSION = YES;
				CLANG_WARN_INT_CONVERSION = YES;
				CLANG_WARN_NON_LITERAL_NULL_CONVERSION = YES;
				CLANG_WARN_OBJC_IMPLICIT_RETAIN_SELF = YES;
				CLANG_WARN_OBJC_LITERAL_CONVERSION = YES;
				CLANG_WARN_OBJC_ROOT_CLASS = YES_ERROR;
				CLANG_WARN_QUOTED_INCLUDE_IN_FRAMEWORK_HEADER = YES;
				CLANG_WARN_RANGE_LOOP_ANALYSIS = YES;
				CLANG_WARN_STRICT_PROTOTYPES = YES;
				CLANG_WARN_SUSPICIOUS_MOVE = YES;
				CLANG_WARN_UNGUARDED_AVAILABILITY = YES_AGGRESSIVE;
				CLANG_WARN_UNREACHABLE_CODE = YES;
				CLANG_WARN__DUPLICATE_METHOD_MATCH = YES;
				COPY_PHASE_STRIP = NO;
				DEBUG_INFORMATION_FORMAT = "dwarf-with-dsym";
				DEVELOPMENT_TEAM = 4BMQZQ7YSK;
				ENABLE_NS_ASSERTIONS = NO;
				ENABLE_STRICT_OBJC_MSGSEND = YES;
				ENABLE_USER_SCRIPT_SANDBOXING = YES;
				GCC_C_LANGUAGE_STANDARD = gnu17;
				GCC_NO_COMMON_BLOCKS = YES;
				GCC_WARN_64_TO_32_BIT_CONVERSION = YES;
				GCC_WARN_ABOUT_RETURN_TYPE = YES_ERROR;
				GCC_WARN_UNDECLARED_SELECTOR = YES;
				GCC_WARN_UNINITIALIZED_AUTOS = YES_AGGRESSIVE;
				GCC_WARN_UNUSED_FUNCTION = YES;
				GCC_WARN_UNUSED_VARIABLE = YES;
				LOCALIZATION_PREFERS_STRING_CATALOGS = YES;
				MTL_ENABLE_DEBUG_INFO = NO;
				MTL_FAST_MATH = YES;
				SWIFT_COMPILATION_MODE = wholemodule;
			};
			name = Release;
		};
		C4FA26142F69715700717246 /* Debug */ = {
			isa = XCBuildConfiguration;
			buildSettings = {
				ASSETCATALOG_COMPILER_APPICON_NAME = AppIcon;
				ASSETCATALOG_COMPILER_GLOBAL_ACCENT_COLOR_NAME = AccentColor;
				CODE_SIGN_ENTITLEMENTS = "Clip-It/Clip-It.entitlements";
				CODE_SIGN_STYLE = Automatic;
				CURRENT_PROJECT_VERSION = 1;
				DEVELOPMENT_TEAM = 4BMQZQ7YSK;
				ENABLE_APP_SANDBOX = YES;
				ENABLE_HARDENED_RUNTIME = YES;
				ENABLE_PREVIEWS = YES;
				ENABLE_USER_SELECTED_FILES = readonly;
				GENERATE_INFOPLIST_FILE = YES;
				INFOPLIST_FILE = "Clip-It/Info.plist";
				INFOPLIST_KEY_CFBundleDisplayName = "Clip-It";
				INFOPLIST_KEY_NSPhotoLibraryAddUsageDescription = "Save screen recordings to your Photos library.";
				"INFOPLIST_KEY_UIApplicationSceneManifest_Generation[sdk=iphoneos*]" = YES;
				"INFOPLIST_KEY_UIApplicationSceneManifest_Generation[sdk=iphonesimulator*]" = YES;
				"INFOPLIST_KEY_UIApplicationSupportsIndirectInputEvents[sdk=iphoneos*]" = YES;
				"INFOPLIST_KEY_UIApplicationSupportsIndirectInputEvents[sdk=iphonesimulator*]" = YES;
				"INFOPLIST_KEY_UILaunchScreen_Generation[sdk=iphoneos*]" = YES;
				"INFOPLIST_KEY_UILaunchScreen_Generation[sdk=iphonesimulator*]" = YES;
				"INFOPLIST_KEY_UIStatusBarStyle[sdk=iphoneos*]" = UIStatusBarStyleDefault;
				"INFOPLIST_KEY_UIStatusBarStyle[sdk=iphonesimulator*]" = UIStatusBarStyleDefault;
				INFOPLIST_KEY_UISupportedInterfaceOrientations_iPad = "UIInterfaceOrientationPortrait UIInterfaceOrientationPortraitUpsideDown UIInterfaceOrientationLandscapeLeft UIInterfaceOrientationLandscapeRight";
				INFOPLIST_KEY_UISupportedInterfaceOrientations_iPhone = "UIInterfaceOrientationPortrait UIInterfaceOrientationLandscapeLeft UIInterfaceOrientationLandscapeRight";
				IPHONEOS_DEPLOYMENT_TARGET = 26.1;
				LD_RUNPATH_SEARCH_PATHS = "@executable_path/Frameworks";
				"LD_RUNPATH_SEARCH_PATHS[sdk=macosx*]" = "@executable_path/../Frameworks";
				MACOSX_DEPLOYMENT_TARGET = 26.1;
				MARKETING_VERSION = 1.0;
				PRODUCT_BUNDLE_IDENTIFIER = "com.adetunji.Screen-Record";
				PRODUCT_NAME = "$(TARGET_NAME)";
				REGISTER_APP_GROUPS = YES;
				SDKROOT = auto;
				STRING_CATALOG_GENERATE_SYMBOLS = YES;
				SUPPORTED_PLATFORMS = "iphoneos iphonesimulator macosx xros xrsimulator";
				SWIFT_APPROACHABLE_CONCURRENCY = YES;
				SWIFT_DEFAULT_ACTOR_ISOLATION = MainActor;
				SWIFT_EMIT_LOC_STRINGS = YES;
				SWIFT_UPCOMING_FEATURE_MEMBER_IMPORT_VISIBILITY = YES;
				SWIFT_VERSION = 5.0;
				TARGETED_DEVICE_FAMILY = "1,2,7";
				XROS_DEPLOYMENT_TARGET = 26.1;
			};
			name = Debug;
		};
		C4FA26152F69715700717246 /* Release */ = {
			isa = XCBuildConfiguration;
			buildSettings = {
				ASSETCATALOG_COMPILER_APPICON_NAME = AppIcon;
				ASSETCATALOG_COMPILER_GLOBAL_ACCENT_COLOR_NAME = AccentColor;
				CODE_SIGN_ENTITLEMENTS = "Clip-It/Clip-It.entitlements";
				CODE_SIGN_STYLE = Automatic;
				CURRENT_PROJECT_VERSION = 1;
				DEVELOPMENT_TEAM = 4BMQZQ7YSK;
				ENABLE_APP_SANDBOX = YES;
				ENABLE_HARDENED_RUNTIME = YES;
				ENABLE_PREVIEWS = YES;
				ENABLE_USER_SELECTED_FILES = readonly;
				GENERATE_INFOPLIST_FILE = YES;
				INFOPLIST_FILE = "Clip-It/Info.plist";
				INFOPLIST_KEY_CFBundleDisplayName = "Clip-It";
				INFOPLIST_KEY_NSPhotoLibraryAddUsageDescription = "Save screen recordings to your Photos library.";
				"INFOPLIST_KEY_UIApplicationSceneManifest_Generation[sdk=iphoneos*]" = YES;
				"INFOPLIST_KEY_UIApplicationSceneManifest_Generation[sdk=iphonesimulator*]" = YES;
				"INFOPLIST_KEY_UIApplicationSupportsIndirectInputEvents[sdk=iphoneos*]" = YES;
				"INFOPLIST_KEY_UIApplicationSupportsIndirectInputEvents[sdk=iphonesimulator*]" = YES;
				"INFOPLIST_KEY_UILaunchScreen_Generation[sdk=iphoneos*]" = YES;
				"INFOPLIST_KEY_UILaunchScreen_Generation[sdk=iphonesimulator*]" = YES;
				"INFOPLIST_KEY_UIStatusBarStyle[sdk=iphoneos*]" = UIStatusBarStyleDefault;
				"INFOPLIST_KEY_UIStatusBarStyle[sdk=iphonesimulator*]" = UIStatusBarStyleDefault;
				INFOPLIST_KEY_UISupportedInterfaceOrientations_iPad = "UIInterfaceOrientationPortrait UIInterfaceOrientationPortraitUpsideDown UIInterfaceOrientationLandscapeLeft UIInterfaceOrientationLandscapeRight";
				INFOPLIST_KEY_UISupportedInterfaceOrientations_iPhone = "UIInterfaceOrientationPortrait UIInterfaceOrientationLandscapeLeft UIInterfaceOrientationLandscapeRight";
				IPHONEOS_DEPLOYMENT_TARGET = 26.1;
				LD_RUNPATH_SEARCH_PATHS = "@executable_path/Frameworks";
				"LD_RUNPATH_SEARCH_PATHS[sdk=macosx*]" = "@executable_path/../Frameworks";
				MACOSX_DEPLOYMENT_TARGET = 26.1;
				MARKETING_VERSION = 1.0;
				PRODUCT_BUNDLE_IDENTIFIER = "com.adetunji.Screen-Record";
				PRODUCT_NAME = "$(TARGET_NAME)";
				REGISTER_APP_GROUPS = YES;
				SDKROOT = auto;
				STRING_CATALOG_GENERATE_SYMBOLS = YES;
				SUPPORTED_PLATFORMS = "iphoneos iphonesimulator macosx xros xrsimulator";
				SWIFT_APPROACHABLE_CONCURRENCY = YES;
				SWIFT_DEFAULT_ACTOR_ISOLATION = MainActor;
				SWIFT_EMIT_LOC_STRINGS = YES;
				SWIFT_UPCOMING_FEATURE_MEMBER_IMPORT_VISIBILITY = YES;
				SWIFT_VERSION = 5.0;
				TARGETED_DEVICE_FAMILY = "1,2,7";
				XROS_DEPLOYMENT_TARGET = 26.1;
			};
			name = Release;
		};
		C4FA26482F69956100717246 /* Debug */ = {
			isa = XCBuildConfiguration;
			buildSettings = {
				CODE_SIGN_ENTITLEMENTS = ClipIt/ClipIt.entitlements;
				CODE_SIGN_STYLE = Automatic;
				CURRENT_PROJECT_VERSION = 1;
				DEVELOPMENT_TEAM = 4BMQZQ7YSK;
				GENERATE_INFOPLIST_FILE = YES;
				INFOPLIST_FILE = ClipIt/Info.plist;
				INFOPLIST_KEY_CFBundleDisplayName = "Clip-It";
				INFOPLIST_KEY_NSHumanReadableCopyright = "";
				INFOPLIST_KEY_NSPhotoLibraryAddUsageDescription = "Save 10-second clips to your Photos library.";
				IPHONEOS_DEPLOYMENT_TARGET = 26.1;
				LD_RUNPATH_SEARCH_PATHS = (
					"$(inherited)",
					"@executable_path/Frameworks",
					"@executable_path/../../Frameworks",
				);
				MARKETING_VERSION = 1.0;
				PRODUCT_BUNDLE_IDENTIFIER = "com.adetunji.Screen-Record.ClipIt";
				PRODUCT_NAME = "$(TARGET_NAME)";
				SDKROOT = iphoneos;
				SKIP_INSTALL = YES;
				STRING_CATALOG_GENERATE_SYMBOLS = YES;
				SWIFT_APPROACHABLE_CONCURRENCY = YES;
				SWIFT_EMIT_LOC_STRINGS = YES;
				SWIFT_UPCOMING_FEATURE_MEMBER_IMPORT_VISIBILITY = YES;
				SWIFT_VERSION = 5.0;
				TARGETED_DEVICE_FAMILY = "1,2";
			};
			name = Debug;
		};
		C4FA26492F69956100717246 /* Release */ = {
			isa = XCBuildConfiguration;
			buildSettings = {
				CODE_SIGN_ENTITLEMENTS = ClipIt/ClipIt.entitlements;
				CODE_SIGN_STYLE = Automatic;
				CURRENT_PROJECT_VERSION = 1;
				DEVELOPMENT_TEAM = 4BMQZQ7YSK;
				GENERATE_INFOPLIST_FILE = YES;
				INFOPLIST_FILE = ClipIt/Info.plist;
				INFOPLIST_KEY_CFBundleDisplayName = "Clip-It";
				INFOPLIST_KEY_NSHumanReadableCopyright = "";
				INFOPLIST_KEY_NSPhotoLibraryAddUsageDescription = "Save 10-second clips to your Photos library.";
				IPHONEOS_DEPLOYMENT_TARGET = 26.1;
				LD_RUNPATH_SEARCH_PATHS = (
					"$(inherited)",
					"@executable_path/Frameworks",
					"@executable_path/../../Frameworks",
				);
				MARKETING_VERSION = 1.0;
				PRODUCT_BUNDLE_IDENTIFIER = "com.adetunji.Screen-Record.ClipIt";
				PRODUCT_NAME = "$(TARGET_NAME)";
				SDKROOT = iphoneos;
				SKIP_INSTALL = YES;
				STRING_CATALOG_GENERATE_SYMBOLS = YES;
				SWIFT_APPROACHABLE_CONCURRENCY = YES;
				SWIFT_EMIT_LOC_STRINGS = YES;
				SWIFT_UPCOMING_FEATURE_MEMBER_IMPORT_VISIBILITY = YES;
				SWIFT_VERSION = 5.0;
				TARGETED_DEVICE_FAMILY = "1,2";
				VALIDATE_PRODUCT = YES;
			};
			name = Release;
		};
		C4FA264C2F69956100717246 /* Debug */ = {
			isa = XCBuildConfiguration;
			buildSettings = {
				CODE_SIGN_STYLE = Automatic;
				CURRENT_PROJECT_VERSION = 1;
				DEVELOPMENT_TEAM = 4BMQZQ7YSK;
				GENERATE_INFOPLIST_FILE = YES;
				INFOPLIST_FILE = ClipItSetupUI/Info.plist;
				INFOPLIST_KEY_CFBundleDisplayName = "Clip-It";
				INFOPLIST_KEY_NSHumanReadableCopyright = "";
				IPHONEOS_DEPLOYMENT_TARGET = 26.1;
				LD_RUNPATH_SEARCH_PATHS = (
					"$(inherited)",
					"@executable_path/Frameworks",
					"@executable_path/../../Frameworks",
				);
				MARKETING_VERSION = 1.0;
				PRODUCT_BUNDLE_IDENTIFIER = "com.adetunji.Screen-Record.ClipItSetupUI";
				PRODUCT_NAME = "$(TARGET_NAME)";
				SDKROOT = iphoneos;
				SKIP_INSTALL = YES;
				STRING_CATALOG_GENERATE_SYMBOLS = YES;
				SWIFT_APPROACHABLE_CONCURRENCY = YES;
				SWIFT_EMIT_LOC_STRINGS = YES;
				SWIFT_UPCOMING_FEATURE_MEMBER_IMPORT_VISIBILITY = YES;
				SWIFT_VERSION = 5.0;
				TARGETED_DEVICE_FAMILY = "1,2";
			};
			name = Debug;
		};
		C4FA264D2F69956100717246 /* Release */ = {
			isa = XCBuildConfiguration;
			buildSettings = {
				CODE_SIGN_STYLE = Automatic;
				CURRENT_PROJECT_VERSION = 1;
				DEVELOPMENT_TEAM = 4BMQZQ7YSK;
				GENERATE_INFOPLIST_FILE = YES;
				INFOPLIST_FILE = ClipItSetupUI/Info.plist;
				INFOPLIST_KEY_CFBundleDisplayName = "Clip-It";
				INFOPLIST_KEY_NSHumanReadableCopyright = "";
				IPHONEOS_DEPLOYMENT_TARGET = 26.1;
				LD_RUNPATH_SEARCH_PATHS = (
					"$(inherited)",
					"@executable_path/Frameworks",
					"@executable_path/../../Frameworks",
				);
				MARKETING_VERSION = 1.0;
				PRODUCT_BUNDLE_IDENTIFIER = "com.adetunji.Screen-Record.ClipItSetupUI";
				PRODUCT_NAME = "$(TARGET_NAME)";
				SDKROOT = iphoneos;
				SKIP_INSTALL = YES;
				STRING_CATALOG_GENERATE_SYMBOLS = YES;
				SWIFT_APPROACHABLE_CONCURRENCY = YES;
				SWIFT_EMIT_LOC_STRINGS = YES;
				SWIFT_UPCOMING_FEATURE_MEMBER_IMPORT_VISIBILITY = YES;
				SWIFT_VERSION = 5.0;
				TARGETED_DEVICE_FAMILY = "1,2";
				VALIDATE_PRODUCT = YES;
			};
			name = Release;
		};
		C4FA2A0B2F69970000717246 /* Debug */ = {
			isa = XCBuildConfiguration;
			buildSettings = {
				CODE_SIGN_ENTITLEMENTS = ClipControls/ClipControls.entitlements;
				CODE_SIGN_STYLE = Automatic;
				CURRENT_PROJECT_VERSION = 1;
				DEVELOPMENT_TEAM = 4BMQZQ7YSK;
				GENERATE_INFOPLIST_FILE = YES;
				INFOPLIST_FILE = ClipControls/Info.plist;
				INFOPLIST_KEY_CFBundleDisplayName = "Clip-It Controls";
				INFOPLIST_KEY_NSHumanReadableCopyright = "";
				IPHONEOS_DEPLOYMENT_TARGET = 18.0;
				LD_RUNPATH_SEARCH_PATHS = (
					"$(inherited)",
					"@executable_path/Frameworks",
					"@executable_path/../../Frameworks",
				);
				MARKETING_VERSION = 1.0;
				PRODUCT_BUNDLE_IDENTIFIER = "com.adetunji.Screen-Record.ClipControls";
				PRODUCT_NAME = "$(TARGET_NAME)";
				SDKROOT = iphoneos;
				SKIP_INSTALL = YES;
				STRING_CATALOG_GENERATE_SYMBOLS = YES;
				SWIFT_EMIT_LOC_STRINGS = YES;
				SWIFT_VERSION = 5.0;
				TARGETED_DEVICE_FAMILY = "1,2";
			};
			name = Debug;
		};
		C4FA2A0C2F69970000717246 /* Release */ = {
			isa = XCBuildConfiguration;
			buildSettings = {
				CODE_SIGN_ENTITLEMENTS = ClipControls/ClipControls.entitlements;
				CODE_SIGN_STYLE = Automatic;
				CURRENT_PROJECT_VERSION = 1;
				DEVELOPMENT_TEAM = 4BMQZQ7YSK;
				GENERATE_INFOPLIST_FILE = YES;
				INFOPLIST_FILE = ClipControls/Info.plist;
				INFOPLIST_KEY_CFBundleDisplayName = "Clip-It Controls";
				INFOPLIST_KEY_NSHumanReadableCopyright = "";
				IPHONEOS_DEPLOYMENT_TARGET = 18.0;
				LD_RUNPATH_SEARCH_PATHS = (
					"$(inherited)",
					"@executable_path/Frameworks",
					"@executable_path/../../Frameworks",
				);
				MARKETING_VERSION = 1.0;
				PRODUCT_BUNDLE_IDENTIFIER = "com.adetunji.Screen-Record.ClipControls";
				PRODUCT_NAME = "$(TARGET_NAME)";
				SDKROOT = iphoneos;
				SKIP_INSTALL = YES;
				STRING_CATALOG_GENERATE_SYMBOLS = YES;
				SWIFT_EMIT_LOC_STRINGS = YES;
				SWIFT_VERSION = 5.0;
				TARGETED_DEVICE_FAMILY = "1,2";
				VALIDATE_PRODUCT = YES;
			};
			name = Release;
		};
/* End XCBuildConfiguration section */

/* Begin XCConfigurationList section */
		C4FA26012F69715600717246 /* Build configuration list for PBXProject "Clip-It" */ = {
			isa = XCConfigurationList;
			buildConfigurations = (
				C4FA26112F69715700717246 /* Debug */,
				C4FA26122F69715700717246 /* Release */,
			);
			defaultConfigurationIsVisible = 0;
			defaultConfigurationName = Release;
		};
		C4FA26132F69715700717246 /* Build configuration list for PBXNativeTarget "Clip-It" */ = {
			isa = XCConfigurationList;
			buildConfigurations = (
				C4FA26142F69715700717246 /* Debug */,
				C4FA26152F69715700717246 /* Release */,
			);
			defaultConfigurationIsVisible = 0;
			defaultConfigurationName = Release;
		};
		C4FA26472F69956100717246 /* Build configuration list for PBXNativeTarget "ClipIt" */ = {
			isa = XCConfigurationList;
			buildConfigurations = (
				C4FA26482F69956100717246 /* Debug */,
				C4FA26492F69956100717246 /* Release */,
			);
			defaultConfigurationIsVisible = 0;
			defaultConfigurationName = Release;
		};
		C4FA264B2F69956100717246 /* Build configuration list for PBXNativeTarget "ClipItSetupUI" */ = {
			isa = XCConfigurationList;
			buildConfigurations = (
				C4FA264C2F69956100717246 /* Debug */,
				C4FA264D2F69956100717246 /* Release */,
			);
			defaultConfigurationIsVisible = 0;
			defaultConfigurationName = Release;
		};
		C4FA2A062F69970000717246 /* Build configuration list for PBXNativeTarget "ClipControls" */ = {
			isa = XCConfigurationList;
			buildConfigurations = (
				C4FA2A0B2F69970000717246 /* Debug */,
				C4FA2A0C2F69970000717246 /* Release */,
			);
			defaultConfigurationIsVisible = 0;
			defaultConfigurationName = Release;
		};
/* End XCConfigurationList section */
	};
	rootObject = C4FA25FE2F69715600717246 /* Project object */;
}
